// !$*UTF8*$!
{
	archiveVersion = 1;
	classes = {
	};
	objectVersion = 46;
	objects = {

/* Begin PBXBuildFile section */
		6C281C7319DD610500757A05 /* main.m in Sources */ = {isa = PBXBuildFile; fileRef = 6C281C7219DD610500757A05 /* main.m */; };
		6C281C7619DD610500757A05 /* AppDelegate.m in Sources */ = {isa = PBXBuildFile; fileRef = 6C281C7519DD610500757A05 /* AppDelegate.m */; };
		6C281C7919DD610500757A05 /* ViewController.m in Sources */ = {isa = PBXBuildFile; fileRef = 6C281C7819DD610500757A05 /* ViewController.m */; };
		6C281C7C19DD610500757A05 /* Main.storyboard in Resources */ = {isa = PBXBuildFile; fileRef = 6C281C7A19DD610500757A05 /* Main.storyboard */; };
		6C281C7E19DD610500757A05 /* Images.xcassets in Resources */ = {isa = PBXBuildFile; fileRef = 6C281C7D19DD610500757A05 /* Images.xcassets */; };
		6C281C8119DD610500757A05 /* LaunchScreen.xib in Resources */ = {isa = PBXBuildFile; fileRef = 6C281C7F19DD610500757A05 /* LaunchScreen.xib */; };
		6C281C8D19DD610500757A05 /* ChatifyTests.m in Sources */ = {isa = PBXBuildFile; fileRef = 6C281C8C19DD610500757A05 /* ChatifyTests.m */; };
		6C281CAA19DD6A6C00757A05 /* MD5.m in Sources */ = {isa = PBXBuildFile; fileRef = 6C281C9A19DD6A6B00757A05 /* MD5.m */; };
		6C281CAB19DD6A6C00757A05 /* MessageDigest.m in Sources */ = {isa = PBXBuildFile; fileRef = 6C281C9C19DD6A6B00757A05 /* MessageDigest.m */; };
		6C281CAC19DD6A6C00757A05 /* nv_ios_digest.m in Sources */ = {isa = PBXBuildFile; fileRef = 6C281C9E19DD6A6C00757A05 /* nv_ios_digest.m */; };
		6C281CAD19DD6A6C00757A05 /* SHA1.m in Sources */ = {isa = PBXBuildFile; fileRef = 6C281CA119DD6A6C00757A05 /* SHA1.m */; };
		6C281CAE19DD6A6C00757A05 /* SHA224.m in Sources */ = {isa = PBXBuildFile; fileRef = 6C281CA319DD6A6C00757A05 /* SHA224.m */; };
		6C281CAF19DD6A6C00757A05 /* SHA256.m in Sources */ = {isa = PBXBuildFile; fileRef = 6C281CA519DD6A6C00757A05 /* SHA256.m */; };
		6C281CB019DD6A6C00757A05 /* SHA384.m in Sources */ = {isa = PBXBuildFile; fileRef = 6C281CA719DD6A6C00757A05 /* SHA384.m */; };
		6C281CB119DD6A6C00757A05 /* SHA512.m in Sources */ = {isa = PBXBuildFile; fileRef = 6C281CA919DD6A6C00757A05 /* SHA512.m */; };
		6C281CBB19DD844500757A05 /* ChatViewController.m in Sources */ = {isa = PBXBuildFile; fileRef = 6C281CBA19DD844500757A05 /* ChatViewController.m */; };
		6C33111A19F185D9002C78BC /* ChatNavigationController.m in Sources */ = {isa = PBXBuildFile; fileRef = 6C33111919F185D9002C78BC /* ChatNavigationController.m */; };
		6CB93C5A19E816B600F44623 /* SRWebSocket.m in Sources */ = {isa = PBXBuildFile; fileRef = 6CB93C5919E816B600F44623 /* SRWebSocket.m */; };
		6CB93C5C19E81AAC00F44623 /* Security.framework in Frameworks */ = {isa = PBXBuildFile; fileRef = 6CB93C5B19E81AAC00F44623 /* Security.framework */; };
		6CB93C5E19E81AB600F44623 /* Foundation.framework in Frameworks */ = {isa = PBXBuildFile; fileRef = 6CB93C5D19E81AB600F44623 /* Foundation.framework */; };
		6CB93C6019E81AC200F44623 /* CFNetwork.framework in Frameworks */ = {isa = PBXBuildFile; fileRef = 6CB93C5F19E81AC200F44623 /* CFNetwork.framework */; };
		6CB93C6219E81AD100F44623 /* libicucore.dylib in Frameworks */ = {isa = PBXBuildFile; fileRef = 6CB93C6119E81AD100F44623 /* libicucore.dylib */; };
		6CB93C6E19E8288A00F44623 /* SocketIO.m in Sources */ = {isa = PBXBuildFile; fileRef = 6CB93C6419E8288A00F44623 /* SocketIO.m */; };
		6CB93C6F19E8288A00F44623 /* SocketIOJSONSerialization.m in Sources */ = {isa = PBXBuildFile; fileRef = 6CB93C6619E8288A00F44623 /* SocketIOJSONSerialization.m */; };
		6CB93C7019E8288A00F44623 /* SocketIOPacket.m in Sources */ = {isa = PBXBuildFile; fileRef = 6CB93C6819E8288A00F44623 /* SocketIOPacket.m */; };
		6CB93C7119E8288A00F44623 /* SocketIOTransportWebsocket.m in Sources */ = {isa = PBXBuildFile; fileRef = 6CB93C6B19E8288A00F44623 /* SocketIOTransportWebsocket.m */; };
		6CB93C7219E8288A00F44623 /* SocketIOTransportXHR.m in Sources */ = {isa = PBXBuildFile; fileRef = 6CB93C6D19E8288A00F44623 /* SocketIOTransportXHR.m */; };
		6CC0362C19E988FC00E5F29B /* ServerNotification.m in Sources */ = {isa = PBXBuildFile; fileRef = 6CC0362B19E988FC00E5F29B /* ServerNotification.m */; };
/* End PBXBuildFile section */

/* Begin PBXContainerItemProxy section */
		6C281C8719DD610500757A05 /* PBXContainerItemProxy */ = {
			isa = PBXContainerItemProxy;
			containerPortal = 6C281C6519DD610500757A05 /* Project object */;
			proxyType = 1;
			remoteGlobalIDString = 6C281C6C19DD610500757A05;
			remoteInfo = Chatify;
		};
/* End PBXContainerItemProxy section */

/* Begin PBXFileReference section */
		6C281C6D19DD610500757A05 /* Chatify.app */ = {isa = PBXFileReference; explicitFileType = wrapper.application; includeInIndex = 0; path = Chatify.app; sourceTree = BUILT_PRODUCTS_DIR; };
		6C281C7119DD610500757A05 /* Info.plist */ = {isa = PBXFileReference; lastKnownFileType = text.plist.xml; path = Info.plist; sourceTree = "<group>"; };
		6C281C7219DD610500757A05 /* main.m */ = {isa = PBXFileReference; lastKnownFileType = sourcecode.c.objc; path = main.m; sourceTree = "<group>"; };
		6C281C7419DD610500757A05 /* AppDelegate.h */ = {isa = PBXFileReference; lastKnownFileType = sourcecode.c.h; path = AppDelegate.h; sourceTree = "<group>"; };
		6C281C7519DD610500757A05 /* AppDelegate.m */ = {isa = PBXFileReference; lastKnownFileType = sourcecode.c.objc; path = AppDelegate.m; sourceTree = "<group>"; };
		6C281C7719DD610500757A05 /* ViewController.h */ = {isa = PBXFileReference; lastKnownFileType = sourcecode.c.h; path = ViewController.h; sourceTree = "<group>"; };
		6C281C7819DD610500757A05 /* ViewController.m */ = {isa = PBXFileReference; lastKnownFileType = sourcecode.c.objc; path = ViewController.m; sourceTree = "<group>"; };
		6C281C7B19DD610500757A05 /* Base */ = {isa = PBXFileReference; lastKnownFileType = file.storyboard; name = Base; path = Base.lproj/Main.storyboard; sourceTree = "<group>"; };
		6C281C7D19DD610500757A05 /* Images.xcassets */ = {isa = PBXFileReference; lastKnownFileType = folder.assetcatalog; path = Images.xcassets; sourceTree = "<group>"; };
		6C281C8019DD610500757A05 /* Base */ = {isa = PBXFileReference; lastKnownFileType = file.xib; name = Base; path = Base.lproj/LaunchScreen.xib; sourceTree = "<group>"; };
		6C281C8619DD610500757A05 /* ChatifyTests.xctest */ = {isa = PBXFileReference; explicitFileType = wrapper.cfbundle; includeInIndex = 0; path = ChatifyTests.xctest; sourceTree = BUILT_PRODUCTS_DIR; };
		6C281C8B19DD610500757A05 /* Info.plist */ = {isa = PBXFileReference; lastKnownFileType = text.plist.xml; path = Info.plist; sourceTree = "<group>"; };
		6C281C8C19DD610500757A05 /* ChatifyTests.m */ = {isa = PBXFileReference; lastKnownFileType = sourcecode.c.objc; path = ChatifyTests.m; sourceTree = "<group>"; };
		6C281C9919DD6A6B00757A05 /* MD5.h */ = {isa = PBXFileReference; fileEncoding = 4; lastKnownFileType = sourcecode.c.h; path = MD5.h; sourceTree = "<group>"; };
		6C281C9A19DD6A6B00757A05 /* MD5.m */ = {isa = PBXFileReference; fileEncoding = 4; lastKnownFileType = sourcecode.c.objc; path = MD5.m; sourceTree = "<group>"; };
		6C281C9B19DD6A6B00757A05 /* MessageDigest.h */ = {isa = PBXFileReference; fileEncoding = 4; lastKnownFileType = sourcecode.c.h; path = MessageDigest.h; sourceTree = "<group>"; };
		6C281C9C19DD6A6B00757A05 /* MessageDigest.m */ = {isa = PBXFileReference; fileEncoding = 4; lastKnownFileType = sourcecode.c.objc; path = MessageDigest.m; sourceTree = "<group>"; };
		6C281C9D19DD6A6B00757A05 /* nv_ios_digest.h */ = {isa = PBXFileReference; fileEncoding = 4; lastKnownFileType = sourcecode.c.h; path = nv_ios_digest.h; sourceTree = "<group>"; };
		6C281C9E19DD6A6C00757A05 /* nv_ios_digest.m */ = {isa = PBXFileReference; fileEncoding = 4; lastKnownFileType = sourcecode.c.objc; path = nv_ios_digest.m; sourceTree = "<group>"; };
		6C281C9F19DD6A6C00757A05 /* nv-ios-digest-Prefix.pch */ = {isa = PBXFileReference; fileEncoding = 4; lastKnownFileType = sourcecode.c.h; path = "nv-ios-digest-Prefix.pch"; sourceTree = "<group>"; };
		6C281CA019DD6A6C00757A05 /* SHA1.h */ = {isa = PBXFileReference; fileEncoding = 4; lastKnownFileType = sourcecode.c.h; path = SHA1.h; sourceTree = "<group>"; };
		6C281CA119DD6A6C00757A05 /* SHA1.m */ = {isa = PBXFileReference; fileEncoding = 4; lastKnownFileType = sourcecode.c.objc; path = SHA1.m; sourceTree = "<group>"; };
		6C281CA219DD6A6C00757A05 /* SHA224.h */ = {isa = PBXFileReference; fileEncoding = 4; lastKnownFileType = sourcecode.c.h; path = SHA224.h; sourceTree = "<group>"; };
		6C281CA319DD6A6C00757A05 /* SHA224.m */ = {isa = PBXFileReference; fileEncoding = 4; lastKnownFileType = sourcecode.c.objc; path = SHA224.m; sourceTree = "<group>"; };
		6C281CA419DD6A6C00757A05 /* SHA256.h */ = {isa = PBXFileReference; fileEncoding = 4; lastKnownFileType = sourcecode.c.h; path = SHA256.h; sourceTree = "<group>"; };
		6C281CA519DD6A6C00757A05 /* SHA256.m */ = {isa = PBXFileReference; fileEncoding = 4; lastKnownFileType = sourcecode.c.objc; path = SHA256.m; sourceTree = "<group>"; };
		6C281CA619DD6A6C00757A05 /* SHA384.h */ = {isa = PBXFileReference; fileEncoding = 4; lastKnownFileType = sourcecode.c.h; path = SHA384.h; sourceTree = "<group>"; };
		6C281CA719DD6A6C00757A05 /* SHA384.m */ = {isa = PBXFileReference; fileEncoding = 4; lastKnownFileType = sourcecode.c.objc; path = SHA384.m; sourceTree = "<group>"; };
		6C281CA819DD6A6C00757A05 /* SHA512.h */ = {isa = PBXFileReference; fileEncoding = 4; lastKnownFileType = sourcecode.c.h; path = SHA512.h; sourceTree = "<group>"; };
		6C281CA919DD6A6C00757A05 /* SHA512.m */ = {isa = PBXFileReference; fileEncoding = 4; lastKnownFileType = sourcecode.c.objc; path = SHA512.m; sourceTree = "<group>"; };
		6C281CB919DD844500757A05 /* ChatViewController.h */ = {isa = PBXFileReference; fileEncoding = 4; lastKnownFileType = sourcecode.c.h; path = ChatViewController.h; sourceTree = "<group>"; };
		6C281CBA19DD844500757A05 /* ChatViewController.m */ = {isa = PBXFileReference; fileEncoding = 4; lastKnownFileType = sourcecode.c.objc; path = ChatViewController.m; sourceTree = "<group>"; };
		6C33111819F185D9002C78BC /* ChatNavigationController.h */ = {isa = PBXFileReference; fileEncoding = 4; lastKnownFileType = sourcecode.c.h; path = ChatNavigationController.h; sourceTree = "<group>"; };
		6C33111919F185D9002C78BC /* ChatNavigationController.m */ = {isa = PBXFileReference; fileEncoding = 4; lastKnownFileType = sourcecode.c.objc; path = ChatNavigationController.m; sourceTree = "<group>"; };
		6CB93C5819E816B600F44623 /* SRWebSocket.h */ = {isa = PBXFileReference; fileEncoding = 4; lastKnownFileType = sourcecode.c.h; path = SRWebSocket.h; sourceTree = "<group>"; };
		6CB93C5919E816B600F44623 /* SRWebSocket.m */ = {isa = PBXFileReference; fileEncoding = 4; lastKnownFileType = sourcecode.c.objc; path = SRWebSocket.m; sourceTree = "<group>"; };
		6CB93C5B19E81AAC00F44623 /* Security.framework */ = {isa = PBXFileReference; lastKnownFileType = wrapper.framework; name = Security.framework; path = System/Library/Frameworks/Security.framework; sourceTree = SDKROOT; };
		6CB93C5D19E81AB600F44623 /* Foundation.framework */ = {isa = PBXFileReference; lastKnownFileType = wrapper.framework; name = Foundation.framework; path = System/Library/Frameworks/Foundation.framework; sourceTree = SDKROOT; };
		6CB93C5F19E81AC200F44623 /* CFNetwork.framework */ = {isa = PBXFileReference; lastKnownFileType = wrapper.framework; name = CFNetwork.framework; path = System/Library/Frameworks/CFNetwork.framework; sourceTree = SDKROOT; };
		6CB93C6119E81AD100F44623 /* libicucore.dylib */ = {isa = PBXFileReference; lastKnownFileType = "compiled.mach-o.dylib"; name = libicucore.dylib; path = usr/lib/libicucore.dylib; sourceTree = SDKROOT; };
		6CB93C6319E8288A00F44623 /* SocketIO.h */ = {isa = PBXFileReference; fileEncoding = 4; lastKnownFileType = sourcecode.c.h; path = SocketIO.h; sourceTree = "<group>"; };
		6CB93C6419E8288A00F44623 /* SocketIO.m */ = {isa = PBXFileReference; fileEncoding = 4; lastKnownFileType = sourcecode.c.objc; path = SocketIO.m; sourceTree = "<group>"; };
		6CB93C6519E8288A00F44623 /* SocketIOJSONSerialization.h */ = {isa = PBXFileReference; fileEncoding = 4; lastKnownFileType = sourcecode.c.h; path = SocketIOJSONSerialization.h; sourceTree = "<group>"; };
		6CB93C6619E8288A00F44623 /* SocketIOJSONSerialization.m */ = {isa = PBXFileReference; fileEncoding = 4; lastKnownFileType = sourcecode.c.objc; path = SocketIOJSONSerialization.m; sourceTree = "<group>"; };
		6CB93C6719E8288A00F44623 /* SocketIOPacket.h */ = {isa = PBXFileReference; fileEncoding = 4; lastKnownFileType = sourcecode.c.h; path = SocketIOPacket.h; sourceTree = "<group>"; };
		6CB93C6819E8288A00F44623 /* SocketIOPacket.m */ = {isa = PBXFileReference; fileEncoding = 4; lastKnownFileType = sourcecode.c.objc; path = SocketIOPacket.m; sourceTree = "<group>"; };
		6CB93C6919E8288A00F44623 /* SocketIOTransport.h */ = {isa = PBXFileReference; fileEncoding = 4; lastKnownFileType = sourcecode.c.h; path = SocketIOTransport.h; sourceTree = "<group>"; };
		6CB93C6A19E8288A00F44623 /* SocketIOTransportWebsocket.h */ = {isa = PBXFileReference; fileEncoding = 4; lastKnownFileType = sourcecode.c.h; path = SocketIOTransportWebsocket.h; sourceTree = "<group>"; };
		6CB93C6B19E8288A00F44623 /* SocketIOTransportWebsocket.m */ = {isa = PBXFileReference; fileEncoding = 4; lastKnownFileType = sourcecode.c.objc; path = SocketIOTransportWebsocket.m; sourceTree = "<group>"; };
		6CB93C6C19E8288A00F44623 /* SocketIOTransportXHR.h */ = {isa = PBXFileReference; fileEncoding = 4; lastKnownFileType = sourcecode.c.h; path = SocketIOTransportXHR.h; sourceTree = "<group>"; };
		6CB93C6D19E8288A00F44623 /* SocketIOTransportXHR.m */ = {isa = PBXFileReference; fileEncoding = 4; lastKnownFileType = sourcecode.c.objc; path = SocketIOTransportXHR.m; sourceTree = "<group>"; };
		6CC0362A19E988FC00E5F29B /* ServerNotification.h */ = {isa = PBXFileReference; fileEncoding = 4; lastKnownFileType = sourcecode.c.h; path = ServerNotification.h; sourceTree = "<group>"; };
		6CC0362B19E988FC00E5F29B /* ServerNotification.m */ = {isa = PBXFileReference; fileEncoding = 4; lastKnownFileType = sourcecode.c.objc; path = ServerNotification.m; sourceTree = "<group>"; };
/* End PBXFileReference section */

/* Begin PBXFrameworksBuildPhase section */
		6C281C6A19DD610500757A05 /* Frameworks */ = {
			isa = PBXFrameworksBuildPhase;
			buildActionMask = 2147483647;
			files = (
				6CB93C6219E81AD100F44623 /* libicucore.dylib in Frameworks */,
				6CB93C6019E81AC200F44623 /* CFNetwork.framework in Frameworks */,
				6CB93C5E19E81AB600F44623 /* Foundation.framework in Frameworks */,
				6CB93C5C19E81AAC00F44623 /* Security.framework in Frameworks */,
			);
			runOnlyForDeploymentPostprocessing = 0;
		};
		6C281C8319DD610500757A05 /* Frameworks */ = {
			isa = PBXFrameworksBuildPhase;
			buildActionMask = 2147483647;
			files = (
			);
			runOnlyForDeploymentPostprocessing = 0;
		};
/* End PBXFrameworksBuildPhase section */

/* Begin PBXGroup section */
		6C281C6419DD610500757A05 = {
			isa = PBXGroup;
			children = (
				6CB93C6119E81AD100F44623 /* libicucore.dylib */,
				6CB93C5F19E81AC200F44623 /* CFNetwork.framework */,
				6CB93C5D19E81AB600F44623 /* Foundation.framework */,
				6CB93C5B19E81AAC00F44623 /* Security.framework */,
				6C281C6F19DD610500757A05 /* Chatify */,
				6C281C8919DD610500757A05 /* ChatifyTests */,
				6C281C6E19DD610500757A05 /* Products */,
			);
			sourceTree = "<group>";
		};
		6C281C6E19DD610500757A05 /* Products */ = {
			isa = PBXGroup;
			children = (
				6C281C6D19DD610500757A05 /* Chatify.app */,
				6C281C8619DD610500757A05 /* ChatifyTests.xctest */,
			);
			name = Products;
			sourceTree = "<group>";
		};
		6C281C6F19DD610500757A05 /* Chatify */ = {
			isa = PBXGroup;
			children = (
				6CB93C5719E816AA00F44623 /* SocketRocket */,
				6CB93C4619E8149800F44623 /* SocketIO */,
				6C281C9819DD6A4B00757A05 /* Hash */,
				6C281C7419DD610500757A05 /* AppDelegate.h */,
				6C281C7519DD610500757A05 /* AppDelegate.m */,
				6C281C7719DD610500757A05 /* ViewController.h */,
				6C281C7819DD610500757A05 /* ViewController.m */,
				6C281CB919DD844500757A05 /* ChatViewController.h */,
				6C281CBA19DD844500757A05 /* ChatViewController.m */,
				6C281C7A19DD610500757A05 /* Main.storyboard */,
				6C281C7D19DD610500757A05 /* Images.xcassets */,
				6C281C7F19DD610500757A05 /* LaunchScreen.xib */,
				6C281C7019DD610500757A05 /* Supporting Files */,
				6CC0362A19E988FC00E5F29B /* ServerNotification.h */,
				6CC0362B19E988FC00E5F29B /* ServerNotification.m */,
				6C33111819F185D9002C78BC /* ChatNavigationController.h */,
				6C33111919F185D9002C78BC /* ChatNavigationController.m */,
			);
			path = Chatify;
			sourceTree = "<group>";
		};
		6C281C7019DD610500757A05 /* Supporting Files */ = {
			isa = PBXGroup;
			children = (
				6C281C7119DD610500757A05 /* Info.plist */,
				6C281C7219DD610500757A05 /* main.m */,
			);
			name = "Supporting Files";
			sourceTree = "<group>";
		};
		6C281C8919DD610500757A05 /* ChatifyTests */ = {
			isa = PBXGroup;
			children = (
				6C281C8C19DD610500757A05 /* ChatifyTests.m */,
				6C281C8A19DD610500757A05 /* Supporting Files */,
			);
			path = ChatifyTests;
			sourceTree = "<group>";
		};
		6C281C8A19DD610500757A05 /* Supporting Files */ = {
			isa = PBXGroup;
			children = (
				6C281C8B19DD610500757A05 /* Info.plist */,
			);
			name = "Supporting Files";
			sourceTree = "<group>";
		};
		6C281C9819DD6A4B00757A05 /* Hash */ = {
			isa = PBXGroup;
			children = (
				6C281C9919DD6A6B00757A05 /* MD5.h */,
				6C281C9A19DD6A6B00757A05 /* MD5.m */,
				6C281C9B19DD6A6B00757A05 /* MessageDigest.h */,
				6C281C9C19DD6A6B00757A05 /* MessageDigest.m */,
				6C281C9D19DD6A6B00757A05 /* nv_ios_digest.h */,
				6C281C9E19DD6A6C00757A05 /* nv_ios_digest.m */,
				6C281C9F19DD6A6C00757A05 /* nv-ios-digest-Prefix.pch */,
				6C281CA019DD6A6C00757A05 /* SHA1.h */,
				6C281CA119DD6A6C00757A05 /* SHA1.m */,
				6C281CA219DD6A6C00757A05 /* SHA224.h */,
				6C281CA319DD6A6C00757A05 /* SHA224.m */,
				6C281CA419DD6A6C00757A05 /* SHA256.h */,
				6C281CA519DD6A6C00757A05 /* SHA256.m */,
				6C281CA619DD6A6C00757A05 /* SHA384.h */,
				6C281CA719DD6A6C00757A05 /* SHA384.m */,
				6C281CA819DD6A6C00757A05 /* SHA512.h */,
				6C281CA919DD6A6C00757A05 /* SHA512.m */,
			);
			name = Hash;
			sourceTree = "<group>";
		};
		6CB93C4619E8149800F44623 /* SocketIO */ = {
			isa = PBXGroup;
			children = (
				6CB93C6319E8288A00F44623 /* SocketIO.h */,
				6CB93C6419E8288A00F44623 /* SocketIO.m */,
				6CB93C6519E8288A00F44623 /* SocketIOJSONSerialization.h */,
				6CB93C6619E8288A00F44623 /* SocketIOJSONSerialization.m */,
				6CB93C6719E8288A00F44623 /* SocketIOPacket.h */,
				6CB93C6819E8288A00F44623 /* SocketIOPacket.m */,
				6CB93C6919E8288A00F44623 /* SocketIOTransport.h */,
				6CB93C6A19E8288A00F44623 /* SocketIOTransportWebsocket.h */,
				6CB93C6B19E8288A00F44623 /* SocketIOTransportWebsocket.m */,
				6CB93C6C19E8288A00F44623 /* SocketIOTransportXHR.h */,
				6CB93C6D19E8288A00F44623 /* SocketIOTransportXHR.m */,
			);
			name = SocketIO;
			sourceTree = "<group>";
		};
		6CB93C5719E816AA00F44623 /* SocketRocket */ = {
			isa = PBXGroup;
			children = (
				6CB93C5819E816B600F44623 /* SRWebSocket.h */,
				6CB93C5919E816B600F44623 /* SRWebSocket.m */,
			);
			name = SocketRocket;
			sourceTree = "<group>";
		};
/* End PBXGroup section */

/* Begin PBXNativeTarget section */
		6C281C6C19DD610500757A05 /* Chatify */ = {
			isa = PBXNativeTarget;
			buildConfigurationList = 6C281C9019DD610500757A05 /* Build configuration list for PBXNativeTarget "Chatify" */;
			buildPhases = (
				6C281C6919DD610500757A05 /* Sources */,
				6C281C6A19DD610500757A05 /* Frameworks */,
				6C281C6B19DD610500757A05 /* Resources */,
			);
			buildRules = (
			);
			dependencies = (
			);
			name = Chatify;
			productName = Chatify;
			productReference = 6C281C6D19DD610500757A05 /* Chatify.app */;
			productType = "com.apple.product-type.application";
		};
		6C281C8519DD610500757A05 /* ChatifyTests */ = {
			isa = PBXNativeTarget;
			buildConfigurationList = 6C281C9319DD610500757A05 /* Build configuration list for PBXNativeTarget "ChatifyTests" */;
			buildPhases = (
				6C281C8219DD610500757A05 /* Sources */,
				6C281C8319DD610500757A05 /* Frameworks */,
				6C281C8419DD610500757A05 /* Resources */,
			);
			buildRules = (
			);
			dependencies = (
				6C281C8819DD610500757A05 /* PBXTargetDependency */,
			);
			name = ChatifyTests;
			productName = ChatifyTests;
			productReference = 6C281C8619DD610500757A05 /* ChatifyTests.xctest */;
			productType = "com.apple.product-type.bundle.unit-test";
		};
/* End PBXNativeTarget section */

/* Begin PBXProject section */
		6C281C6519DD610500757A05 /* Project object */ = {
			isa = PBXProject;
			attributes = {
				LastUpgradeCheck = 0600;
				ORGANIZATIONNAME = "Friedrich Ewald";
				TargetAttributes = {
					6C281C6C19DD610500757A05 = {
						CreatedOnToolsVersion = 6.0.1;
					};
					6C281C8519DD610500757A05 = {
						CreatedOnToolsVersion = 6.0.1;
						TestTargetID = 6C281C6C19DD610500757A05;
					};
				};
			};
			buildConfigurationList = 6C281C6819DD610500757A05 /* Build configuration list for PBXProject "Chatify" */;
			compatibilityVersion = "Xcode 3.2";
			developmentRegion = English;
			hasScannedForEncodings = 0;
			knownRegions = (
				en,
				Base,
			);
			mainGroup = 6C281C6419DD610500757A05;
			productRefGroup = 6C281C6E19DD610500757A05 /* Products */;
			projectDirPath = "";
			projectRoot = "";
			targets = (
				6C281C6C19DD610500757A05 /* Chatify */,
				6C281C8519DD610500757A05 /* ChatifyTests */,
			);
		};
/* End PBXProject section */

/* Begin PBXResourcesBuildPhase section */
		6C281C6B19DD610500757A05 /* Resources */ = {
			isa = PBXResourcesBuildPhase;
			buildActionMask = 2147483647;
			files = (
				6C281C7C19DD610500757A05 /* Main.storyboard in Resources */,
				6C281C8119DD610500757A05 /* LaunchScreen.xib in Resources */,
				6C281C7E19DD610500757A05 /* Images.xcassets in Resources */,
			);
			runOnlyForDeploymentPostprocessing = 0;
		};
		6C281C8419DD610500757A05 /* Resources */ = {
			isa = PBXResourcesBuildPhase;
			buildActionMask = 2147483647;
			files = (
			);
			runOnlyForDeploymentPostprocessing = 0;
		};
/* End PBXResourcesBuildPhase section */

/* Begin PBXSourcesBuildPhase section */
		6C281C6919DD610500757A05 /* Sources */ = {
			isa = PBXSourcesBuildPhase;
			buildActionMask = 2147483647;
			files = (
				6C281C7919DD610500757A05 /* ViewController.m in Sources */,
				6C33111A19F185D9002C78BC /* ChatNavigationController.m in Sources */,
				6C281CAF19DD6A6C00757A05 /* SHA256.m in Sources */,
				6CB93C6F19E8288A00F44623 /* SocketIOJSONSerialization.m in Sources */,
				6C281CBB19DD844500757A05 /* ChatViewController.m in Sources */,
				6CB93C7019E8288A00F44623 /* SocketIOPacket.m in Sources */,
				6C281CAC19DD6A6C00757A05 /* nv_ios_digest.m in Sources */,
				6CB93C6E19E8288A00F44623 /* SocketIO.m in Sources */,
				6CB93C5A19E816B600F44623 /* SRWebSocket.m in Sources */,
				6C281C7619DD610500757A05 /* AppDelegate.m in Sources */,
				6CC0362C19E988FC00E5F29B /* ServerNotification.m in Sources */,
				6C281CAA19DD6A6C00757A05 /* MD5.m in Sources */,
				6C281CAB19DD6A6C00757A05 /* MessageDigest.m in Sources */,
				6C281C7319DD610500757A05 /* main.m in Sources */,
				6C281CAD19DD6A6C00757A05 /* SHA1.m in Sources */,
				6C281CB019DD6A6C00757A05 /* SHA384.m in Sources */,
				6C281CAE19DD6A6C00757A05 /* SHA224.m in Sources */,
				6C281CB119DD6A6C00757A05 /* SHA512.m in Sources */,
				6CB93C7119E8288A00F44623 /* SocketIOTransportWebsocket.m in Sources */,
				6CB93C7219E8288A00F44623 /* SocketIOTransportXHR.m in Sources */,
			);
			runOnlyForDeploymentPostprocessing = 0;
		};
		6C281C8219DD610500757A05 /* Sources */ = {
			isa = PBXSourcesBuildPhase;
			buildActionMask = 2147483647;
			files = (
				6C281C8D19DD610500757A05 /* ChatifyTests.m in Sources */,
			);
			runOnlyForDeploymentPostprocessing = 0;
		};
/* End PBXSourcesBuildPhase section */

/* Begin PBXTargetDependency section */
		6C281C8819DD610500757A05 /* PBXTargetDependency */ = {
			isa = PBXTargetDependency;
			target = 6C281C6C19DD610500757A05 /* Chatify */;
			targetProxy = 6C281C8719DD610500757A05 /* PBXContainerItemProxy */;
		};
/* End PBXTargetDependency section */

/* Begin PBXVariantGroup section */
		6C281C7A19DD610500757A05 /* Main.storyboard */ = {
			isa = PBXVariantGroup;
			children = (
				6C281C7B19DD610500757A05 /* Base */,
			);
			name = Main.storyboard;
			sourceTree = "<group>";
		};
		6C281C7F19DD610500757A05 /* LaunchScreen.xib */ = {
			isa = PBXVariantGroup;
			children = (
				6C281C8019DD610500757A05 /* Base */,
			);
			name = LaunchScreen.xib;
			sourceTree = "<group>";
		};
/* End PBXVariantGroup section */

/* Begin XCBuildConfiguration section */
		6C281C8E19DD610500757A05 /* Debug */ = {
			isa = XCBuildConfiguration;
			buildSettings = {
				ALWAYS_SEARCH_USER_PATHS = NO;
				CLANG_CXX_LANGUAGE_STANDARD = "gnu++0x";
				CLANG_CXX_LIBRARY = "libc++";
				CLANG_ENABLE_MODULES = YES;
				CLANG_ENABLE_OBJC_ARC = YES;
				CLANG_WARN_BOOL_CONVERSION = YES;
				CLANG_WARN_CONSTANT_CONVERSION = YES;
				CLANG_WARN_DIRECT_OBJC_ISA_USAGE = YES_ERROR;
				CLANG_WARN_EMPTY_BODY = YES;
				CLANG_WARN_ENUM_CONVERSION = YES;
				CLANG_WARN_INT_CONVERSION = YES;
				CLANG_WARN_OBJC_ROOT_CLASS = YES_ERROR;
				CLANG_WARN_UNREACHABLE_CODE = YES;
				CLANG_WARN__DUPLICATE_METHOD_MATCH = YES;
				"CODE_SIGN_IDENTITY[sdk=iphoneos*]" = "iPhone Developer";
				COPY_PHASE_STRIP = NO;
				ENABLE_STRICT_OBJC_MSGSEND = YES;
				GCC_C_LANGUAGE_STANDARD = gnu99;
				GCC_DYNAMIC_NO_PIC = NO;
				GCC_OPTIMIZATION_LEVEL = 0;
				GCC_PREPROCESSOR_DEFINITIONS = (
					"DEBUG=1",
					"$(inherited)",
				);
				GCC_SYMBOLS_PRIVATE_EXTERN = NO;
				GCC_WARN_64_TO_32_BIT_CONVERSION = YES;
				GCC_WARN_ABOUT_RETURN_TYPE = YES_ERROR;
				GCC_WARN_UNDECLARED_SELECTOR = YES;
				GCC_WARN_UNINITIALIZED_AUTOS = YES_AGGRESSIVE;
				GCC_WARN_UNUSED_FUNCTION = YES;
				GCC_WARN_UNUSED_VARIABLE = YES;
				IPHONEOS_DEPLOYMENT_TARGET = 8.0;
				MTL_ENABLE_DEBUG_INFO = YES;
				ONLY_ACTIVE_ARCH = YES;
				SDKROOT = iphoneos;
				TARGETED_DEVICE_FAMILY = "1,2";
			};
			name = Debug;
		};
		6C281C8F19DD610500757A05 /* Release */ = {
			isa = XCBuildConfiguration;
			buildSettings = {
				ALWAYS_SEARCH_USER_PATHS = NO;
				CLANG_CXX_LANGUAGE_STANDARD = "gnu++0x";
				CLANG_CXX_LIBRARY = "libc++";
				CLANG_ENABLE_MODULES = YES;
				CLANG_ENABLE_OBJC_ARC = YES;
				CLANG_WARN_BOOL_CONVERSION = YES;
				CLANG_WARN_CONSTANT_CONVERSION = YES;
				CLANG_WARN_DIRECT_OBJC_ISA_USAGE = YES_ERROR;
				CLANG_WARN_EMPTY_BODY = YES;
				CLANG_WARN_ENUM_CONVERSION = YES;
				CLANG_WARN_INT_CONVERSION = YES;
				CLANG_WARN_OBJC_ROOT_CLASS = YES_ERROR;
				CLANG_WARN_UNREACHABLE_CODE = YES;
				CLANG_WARN__DUPLICATE_METHOD_MATCH = YES;
				"CODE_SIGN_IDENTITY[sdk=iphoneos*]" = "iPhone Developer";
				COPY_PHASE_STRIP = YES;
				ENABLE_NS_ASSERTIONS = NO;
				ENABLE_STRICT_OBJC_MSGSEND = YES;
				GCC_C_LANGUAGE_STANDARD = gnu99;
				GCC_WARN_64_TO_32_BIT_CONVERSION = YES;
				GCC_WARN_ABOUT_RETURN_TYPE = YES_ERROR;
				GCC_WARN_UNDECLARED_SELECTOR = YES;
				GCC_WARN_UNINITIALIZED_AUTOS = YES_AGGRESSIVE;
				GCC_WARN_UNUSED_FUNCTION = YES;
				GCC_WARN_UNUSED_VARIABLE = YES;
				IPHONEOS_DEPLOYMENT_TARGET = 8.0;
				MTL_ENABLE_DEBUG_INFO = NO;
				SDKROOT = iphoneos;
				TARGETED_DEVICE_FAMILY = "1,2";
				VALIDATE_PRODUCT = YES;
			};
			name = Release;
		};
		6C281C9119DD610500757A05 /* Debug */ = {
			isa = XCBuildConfiguration;
			buildSettings = {
				ASSETCATALOG_COMPILER_APPICON_NAME = AppIcon;
				INFOPLIST_FILE = Chatify/Info.plist;
				LD_RUNPATH_SEARCH_PATHS = "$(inherited) @executable_path/Frameworks";
				PRODUCT_NAME = "$(TARGET_NAME)";
			};
			name = Debug;
		};
		6C281C9219DD610500757A05 /* Release */ = {
			isa = XCBuildConfiguration;
			buildSettings = {
				ASSETCATALOG_COMPILER_APPICON_NAME = AppIcon;
				INFOPLIST_FILE = Chatify/Info.plist;
				LD_RUNPATH_SEARCH_PATHS = "$(inherited) @executable_path/Frameworks";
				PRODUCT_NAME = "$(TARGET_NAME)";
			};
			name = Release;
		};
		6C281C9419DD610500757A05 /* Debug */ = {
			isa = XCBuildConfiguration;
			buildSettings = {
				BUNDLE_LOADER = "$(TEST_HOST)";
				FRAMEWORK_SEARCH_PATHS = (
					"$(SDKROOT)/Developer/Library/Frameworks",
					"$(inherited)",
				);
				GCC_PREPROCESSOR_DEFINITIONS = (
					"DEBUG=1",
					"$(inherited)",
				);
				INFOPLIST_FILE = ChatifyTests/Info.plist;
				LD_RUNPATH_SEARCH_PATHS = "$(inherited) @executable_path/Frameworks @loader_path/Frameworks";
				PRODUCT_NAME = "$(TARGET_NAME)";
				TEST_HOST = "$(BUILT_PRODUCTS_DIR)/Chatify.app/Chatify";
			};
			name = Debug;
		};
		6C281C9519DD610500757A05 /* Release */ = {
			isa = XCBuildConfiguration;
			buildSettings = {
				BUNDLE_LOADER = "$(TEST_HOST)";
				FRAMEWORK_SEARCH_PATHS = (
					"$(SDKROOT)/Developer/Library/Frameworks",
					"$(inherited)",
				);
				INFOPLIST_FILE = ChatifyTests/Info.plist;
				LD_RUNPATH_SEARCH_PATHS = "$(inherited) @executable_path/Frameworks @loader_path/Frameworks";
				PRODUCT_NAME = "$(TARGET_NAME)";
				TEST_HOST = "$(BUILT_PRODUCTS_DIR)/Chatify.app/Chatify";
			};
			name = Release;
		};
/* End XCBuildConfiguration section */

/* Begin XCConfigurationList section */
		6C281C6819DD610500757A05 /* Build configuration list for PBXProject "Chatify" */ = {
			isa = XCConfigurationList;
			buildConfigurations = (
				6C281C8E19DD610500757A05 /* Debug */,
				6C281C8F19DD610500757A05 /* Release */,
			);
			defaultConfigurationIsVisible = 0;
			defaultConfigurationName = Release;
		};
		6C281C9019DD610500757A05 /* Build configuration list for PBXNativeTarget "Chatify" */ = {
			isa = XCConfigurationList;
			buildConfigurations = (
				6C281C9119DD610500757A05 /* Debug */,
				6C281C9219DD610500757A05 /* Release */,
			);
			defaultConfigurationIsVisible = 0;
			defaultConfigurationName = Release;
		};
		6C281C9319DD610500757A05 /* Build configuration list for PBXNativeTarget "ChatifyTests" */ = {
			isa = XCConfigurationList;
			buildConfigurations = (
				6C281C9419DD610500757A05 /* Debug */,
				6C281C9519DD610500757A05 /* Release */,
			);
			defaultConfigurationIsVisible = 0;
			defaultConfigurationName = Release;
		};
/* End XCConfigurationList section */
	};
	rootObject = 6C281C6519DD610500757A05 /* Project object */;
}
